// !$*UTF8*$!
{
	archiveVersion = 1;
	classes = {
	};
	objectVersion = 56;
	objects = {

/* Begin PBXBuildFile section */
		15461B2A29BE603000C1C0A1 /* BirdsAppApiApp.swift in Sources */ = {isa = PBXBuildFile; fileRef = 15461B2929BE603000C1C0A1 /* BirdsAppApiApp.swift */; };
		15461B2C29BE603000C1C0A1 /* ContentView.swift in Sources */ = {isa = PBXBuildFile; fileRef = 15461B2B29BE603000C1C0A1 /* ContentView.swift */; };
		15461B2E29BE603200C1C0A1 /* Assets.xcassets in Resources */ = {isa = PBXBuildFile; fileRef = 15461B2D29BE603200C1C0A1 /* Assets.xcassets */; };
		15461B3229BE603200C1C0A1 /* Preview Assets.xcassets in Resources */ = {isa = PBXBuildFile; fileRef = 15461B3129BE603200C1C0A1 /* Preview Assets.xcassets */; };
		15461B3C29BE603200C1C0A1 /* BirdsAppApiTests.swift in Sources */ = {isa = PBXBuildFile; fileRef = 15461B3B29BE603200C1C0A1 /* BirdsAppApiTests.swift */; };
		15461B4629BE603200C1C0A1 /* BirdsAppApiUITests.swift in Sources */ = {isa = PBXBuildFile; fileRef = 15461B4529BE603200C1C0A1 /* BirdsAppApiUITests.swift */; };
		15461B4829BE603200C1C0A1 /* BirdsAppApiUITestsLaunchTests.swift in Sources */ = {isa = PBXBuildFile; fileRef = 15461B4729BE603200C1C0A1 /* BirdsAppApiUITestsLaunchTests.swift */; };
		15461B5529BE783F00C1C0A1 /* ApiCall.swift in Sources */ = {isa = PBXBuildFile; fileRef = 15461B5429BE783F00C1C0A1 /* ApiCall.swift */; };
/* End PBXBuildFile section */

/* Begin PBXContainerItemProxy section */
		15461B3829BE603200C1C0A1 /* PBXContainerItemProxy */ = {
			isa = PBXContainerItemProxy;
			containerPortal = 15461B1E29BE603000C1C0A1 /* Project object */;
			proxyType = 1;
			remoteGlobalIDString = 15461B2529BE603000C1C0A1;
			remoteInfo = BirdsAppApi;
		};
		15461B4229BE603200C1C0A1 /* PBXContainerItemProxy */ = {
			isa = PBXContainerItemProxy;
			containerPortal = 15461B1E29BE603000C1C0A1 /* Project object */;
			proxyType = 1;
			remoteGlobalIDString = 15461B2529BE603000C1C0A1;
			remoteInfo = BirdsAppApi;
		};
/* End PBXContainerItemProxy section */

/* Begin PBXFileReference section */
		15461B2629BE603000C1C0A1 /* BirdsAppApi.app */ = {isa = PBXFileReference; explicitFileType = wrapper.application; includeInIndex = 0; path = BirdsAppApi.app; sourceTree = BUILT_PRODUCTS_DIR; };
		15461B2929BE603000C1C0A1 /* BirdsAppApiApp.swift */ = {isa = PBXFileReference; lastKnownFileType = sourcecode.swift; path = BirdsAppApiApp.swift; sourceTree = "<group>"; };
		15461B2B29BE603000C1C0A1 /* ContentView.swift */ = {isa = PBXFileReference; lastKnownFileType = sourcecode.swift; path = ContentView.swift; sourceTree = "<group>"; };
		15461B2D29BE603200C1C0A1 /* Assets.xcassets */ = {isa = PBXFileReference; lastKnownFileType = folder.assetcatalog; path = Assets.xcassets; sourceTree = "<group>"; };
		15461B2F29BE603200C1C0A1 /* BirdsAppApi.entitlements */ = {isa = PBXFileReference; lastKnownFileType = text.plist.entitlements; path = BirdsAppApi.entitlements; sourceTree = "<group>"; };
		15461B3129BE603200C1C0A1 /* Preview Assets.xcassets */ = {isa = PBXFileReference; lastKnownFileType = folder.assetcatalog; path = "Preview Assets.xcassets"; sourceTree = "<group>"; };
		15461B3729BE603200C1C0A1 /* BirdsAppApiTests.xctest */ = {isa = PBXFileReference; explicitFileType = wrapper.cfbundle; includeInIndex = 0; path = BirdsAppApiTests.xctest; sourceTree = BUILT_PRODUCTS_DIR; };
		15461B3B29BE603200C1C0A1 /* BirdsAppApiTests.swift */ = {isa = PBXFileReference; lastKnownFileType = sourcecode.swift; path = BirdsAppApiTests.swift; sourceTree = "<group>"; };
		15461B4129BE603200C1C0A1 /* BirdsAppApiUITests.xctest */ = {isa = PBXFileReference; explicitFileType = wrapper.cfbundle; includeInIndex = 0; path = BirdsAppApiUITests.xctest; sourceTree = BUILT_PRODUCTS_DIR; };
		15461B4529BE603200C1C0A1 /* BirdsAppApiUITests.swift */ = {isa = PBXFileReference; lastKnownFileType = sourcecode.swift; path = BirdsAppApiUITests.swift; sourceTree = "<group>"; };
		15461B4729BE603200C1C0A1 /* BirdsAppApiUITestsLaunchTests.swift */ = {isa = PBXFileReference; lastKnownFileType = sourcecode.swift; path = BirdsAppApiUITestsLaunchTests.swift; sourceTree = "<group>"; };
		15461B5429BE783F00C1C0A1 /* ApiCall.swift */ = {isa = PBXFileReference; lastKnownFileType = sourcecode.swift; path = ApiCall.swift; sourceTree = "<group>"; };
/* End PBXFileReference section */

/* Begin PBXFrameworksBuildPhase section */
		15461B2329BE603000C1C0A1 /* Frameworks */ = {
			isa = PBXFrameworksBuildPhase;
			buildActionMask = 2147483647;
			files = (
			);
			runOnlyForDeploymentPostprocessing = 0;
		};
		15461B3429BE603200C1C0A1 /* Frameworks */ = {
			isa = PBXFrameworksBuildPhase;
			buildActionMask = 2147483647;
			files = (
			);
			runOnlyForDeploymentPostprocessing = 0;
		};
		15461B3E29BE603200C1C0A1 /* Frameworks */ = {
			isa = PBXFrameworksBuildPhase;
			buildActionMask = 2147483647;
			files = (
			);
			runOnlyForDeploymentPostprocessing = 0;
		};
/* End PBXFrameworksBuildPhase section */

/* Begin PBXGroup section */
		15461B1D29BE603000C1C0A1 = {
			isa = PBXGroup;
			children = (
				15461B2829BE603000C1C0A1 /* BirdsAppApi */,
				15461B3A29BE603200C1C0A1 /* BirdsAppApiTests */,
				15461B4429BE603200C1C0A1 /* BirdsAppApiUITests */,
				15461B2729BE603000C1C0A1 /* Products */,
			);
			sourceTree = "<group>";
		};
		15461B2729BE603000C1C0A1 /* Products */ = {
			isa = PBXGroup;
			children = (
				15461B2629BE603000C1C0A1 /* BirdsAppApi.app */,
				15461B3729BE603200C1C0A1 /* BirdsAppApiTests.xctest */,
				15461B4129BE603200C1C0A1 /* BirdsAppApiUITests.xctest */,
			);
			name = Products;
			sourceTree = "<group>";
		};
		15461B2829BE603000C1C0A1 /* BirdsAppApi */ = {
			isa = PBXGroup;
			children = (
				15461B2929BE603000C1C0A1 /* BirdsAppApiApp.swift */,
				15461B2B29BE603000C1C0A1 /* ContentView.swift */,
				15461B5429BE783F00C1C0A1 /* ApiCall.swift */,
				15461B2D29BE603200C1C0A1 /* Assets.xcassets */,
				15461B2F29BE603200C1C0A1 /* BirdsAppApi.entitlements */,
				15461B3029BE603200C1C0A1 /* Preview Content */,
			);
			path = BirdsAppApi;
			sourceTree = "<group>";
		};
		15461B3029BE603200C1C0A1 /* Preview Content */ = {
			isa = PBXGroup;
			children = (
				15461B3129BE603200C1C0A1 /* Preview Assets.xcassets */,
			);
			path = "Preview Content";
			sourceTree = "<group>";
		};
		15461B3A29BE603200C1C0A1 /* BirdsAppApiTests */ = {
			isa = PBXGroup;
			children = (
				15461B3B29BE603200C1C0A1 /* BirdsAppApiTests.swift */,
			);
			path = BirdsAppApiTests;
			sourceTree = "<group>";
		};
		15461B4429BE603200C1C0A1 /* BirdsAppApiUITests */ = {
			isa = PBXGroup;
			children = (
				15461B4529BE603200C1C0A1 /* BirdsAppApiUITests.swift */,
				15461B4729BE603200C1C0A1 /* BirdsAppApiUITestsLaunchTests.swift */,
			);
			path = BirdsAppApiUITests;
			sourceTree = "<group>";
		};
/* End PBXGroup section */

/* Begin PBXNativeTarget section */
		15461B2529BE603000C1C0A1 /* BirdsAppApi */ = {
			isa = PBXNativeTarget;
			buildConfigurationList = 15461B4B29BE603200C1C0A1 /* Build configuration list for PBXNativeTarget "BirdsAppApi" */;
			buildPhases = (
				15461B2229BE603000C1C0A1 /* Sources */,
				15461B2329BE603000C1C0A1 /* Frameworks */,
				15461B2429BE603000C1C0A1 /* Resources */,
			);
			buildRules = (
			);
			dependencies = (
			);
			name = BirdsAppApi;
			productName = BirdsAppApi;
			productReference = 15461B2629BE603000C1C0A1 /* BirdsAppApi.app */;
			productType = "com.apple.product-type.application";
		};
		15461B3629BE603200C1C0A1 /* BirdsAppApiTests */ = {
			isa = PBXNativeTarget;
			buildConfigurationList = 15461B4E29BE603200C1C0A1 /* Build configuration list for PBXNativeTarget "BirdsAppApiTests" */;
			buildPhases = (
				15461B3329BE603200C1C0A1 /* Sources */,
				15461B3429BE603200C1C0A1 /* Frameworks */,
				15461B3529BE603200C1C0A1 /* Resources */,
			);
			buildRules = (
			);
			dependencies = (
				15461B3929BE603200C1C0A1 /* PBXTargetDependency */,
			);
			name = BirdsAppApiTests;
			productName = BirdsAppApiTests;
			productReference = 15461B3729BE603200C1C0A1 /* BirdsAppApiTests.xctest */;
			productType = "com.apple.product-type.bundle.unit-test";
		};
		15461B4029BE603200C1C0A1 /* BirdsAppApiUITests */ = {
			isa = PBXNativeTarget;
			buildConfigurationList = 15461B5129BE603200C1C0A1 /* Build configuration list for PBXNativeTarget "BirdsAppApiUITests" */;
			buildPhases = (
				15461B3D29BE603200C1C0A1 /* Sources */,
				15461B3E29BE603200C1C0A1 /* Frameworks */,
				15461B3F29BE603200C1C0A1 /* Resources */,
			);
			buildRules = (
			);
			dependencies = (
				15461B4329BE603200C1C0A1 /* PBXTargetDependency */,
			);
			name = BirdsAppApiUITests;
			productName = BirdsAppApiUITests;
			productReference = 15461B4129BE603200C1C0A1 /* BirdsAppApiUITests.xctest */;
			productType = "com.apple.product-type.bundle.ui-testing";
		};
/* End PBXNativeTarget section */

/* Begin PBXProject section */
		15461B1E29BE603000C1C0A1 /* Project object */ = {
			isa = PBXProject;
			attributes = {
				BuildIndependentTargetsInParallel = 1;
				LastSwiftUpdateCheck = 1420;
				LastUpgradeCheck = 1420;
				TargetAttributes = {
					15461B2529BE603000C1C0A1 = {
						CreatedOnToolsVersion = 14.2;
					};
					15461B3629BE603200C1C0A1 = {
						CreatedOnToolsVersion = 14.2;
						TestTargetID = 15461B2529BE603000C1C0A1;
					};
					15461B4029BE603200C1C0A1 = {
						CreatedOnToolsVersion = 14.2;
						TestTargetID = 15461B2529BE603000C1C0A1;
					};
				};
			};
			buildConfigurationList = 15461B2129BE603000C1C0A1 /* Build configuration list for PBXProject "BirdsAppApi" */;
			compatibilityVersion = "Xcode 14.0";
			developmentRegion = en;
			hasScannedForEncodings = 0;
			knownRegions = (
				en,
				Base,
			);
			mainGroup = 15461B1D29BE603000C1C0A1;
			productRefGroup = 15461B2729BE603000C1C0A1 /* Products */;
			projectDirPath = "";
			projectRoot = "";
			targets = (
				15461B2529BE603000C1C0A1 /* BirdsAppApi */,
				15461B3629BE603200C1C0A1 /* BirdsAppApiTests */,
				15461B4029BE603200C1C0A1 /* BirdsAppApiUITests */,
			);
		};
/* End PBXProject section */

/* Begin PBXResourcesBuildPhase section */
		15461B2429BE603000C1C0A1 /* Resources */ = {
			isa = PBXResourcesBuildPhase;
			buildActionMask = 2147483647;
			files = (
				15461B3229BE603200C1C0A1 /* Preview Assets.xcassets in Resources */,
				15461B2E29BE603200C1C0A1 /* Assets.xcassets in Resources */,
			);
			runOnlyForDeploymentPostprocessing = 0;
		};
		15461B3529BE603200C1C0A1 /* Resources */ = {
			isa = PBXResourcesBuildPhase;
			buildActionMask = 2147483647;
			files = (
			);
			runOnlyForDeploymentPostprocessing = 0;
		};
		15461B3F29BE603200C1C0A1 /* Resources */ = {
			isa = PBXResourcesBuildPhase;
			buildActionMask = 2147483647;
			files = (
			);
			runOnlyForDeploymentPostprocessing = 0;
		};
/* End PBXResourcesBuildPhase section */

/* Begin PBXSourcesBuildPhase section */
		15461B2229BE603000C1C0A1 /* Sources */ = {
			isa = PBXSourcesBuildPhase;
			buildActionMask = 2147483647;
			files = (
				15461B2C29BE603000C1C0A1 /* ContentView.swift in Sources */,
				15461B5529BE783F00C1C0A1 /* ApiCall.swift in Sources */,
				15461B2A29BE603000C1C0A1 /* BirdsAppApiApp.swift in Sources */,
			);
			runOnlyForDeploymentPostprocessing = 0;
		};
		15461B3329BE603200C1C0A1 /* Sources */ = {
			isa = PBXSourcesBuildPhase;
			buildActionMask = 2147483647;
			files = (
				15461B3C29BE603200C1C0A1 /* BirdsAppApiTests.swift in Sources */,
			);
			runOnlyForDeploymentPostprocessing = 0;
		};
		15461B3D29BE603200C1C0A1 /* Sources */ = {
			isa = PBXSourcesBuildPhase;
			buildActionMask = 2147483647;
			files = (
				15461B4829BE603200C1C0A1 /* BirdsAppApiUITestsLaunchTests.swift in Sources */,
				15461B4629BE603200C1C0A1 /* BirdsAppApiUITests.swift in Sources */,
			);
			runOnlyForDeploymentPostprocessing = 0;
		};
/* End PBXSourcesBuildPhase section */

/* Begin PBXTargetDependency section */
		15461B3929BE603200C1C0A1 /* PBXTargetDependency */ = {
			isa = PBXTargetDependency;
			target = 15461B2529BE603000C1C0A1 /* BirdsAppApi */;
			targetProxy = 15461B3829BE603200C1C0A1 /* PBXContainerItemProxy */;
		};
		15461B4329BE603200C1C0A1 /* PBXTargetDependency */ = {
			isa = PBXTargetDependency;
			target = 15461B2529BE603000C1C0A1 /* BirdsAppApi */;
			targetProxy = 15461B4229BE603200C1C0A1 /* PBXContainerItemProxy */;
		};
/* End PBXTargetDependency section */

/* Begin XCBuildConfiguration section */
		15461B4929BE603200C1C0A1 /* Debug */ = {
			isa = XCBuildConfiguration;
			buildSettings = {
				ALWAYS_SEARCH_USER_PATHS = NO;
				CLANG_ANALYZER_NONNULL = YES;
				CLANG_ANALYZER_NUMBER_OBJECT_CONVERSION = YES_AGGRESSIVE;
				CLANG_CXX_LANGUAGE_STANDARD = "gnu++20";
				CLANG_ENABLE_MODULES = YES;
				CLANG_ENABLE_OBJC_ARC = YES;
				CLANG_ENABLE_OBJC_WEAK = YES;
				CLANG_WARN_BLOCK_CAPTURE_AUTORELEASING = YES;
				CLANG_WARN_BOOL_CONVERSION = YES;
				CLANG_WARN_COMMA = YES;
				CLANG_WARN_CONSTANT_CONVERSION = YES;
				CLANG_WARN_DEPRECATED_OBJC_IMPLEMENTATIONS = YES;
				CLANG_WARN_DIRECT_OBJC_ISA_USAGE = YES_ERROR;
				CLANG_WARN_DOCUMENTATION_COMMENTS = YES;
				CLANG_WARN_EMPTY_BODY = YES;
				CLANG_WARN_ENUM_CONVERSION = YES;
				CLANG_WARN_INFINITE_RECURSION = YES;
				CLANG_WARN_INT_CONVERSION = YES;
				CLANG_WARN_NON_LITERAL_NULL_CONVERSION = YES;
				CLANG_WARN_OBJC_IMPLICIT_RETAIN_SELF = YES;
				CLANG_WARN_OBJC_LITERAL_CONVERSION = YES;
				CLANG_WARN_OBJC_ROOT_CLASS = YES_ERROR;
				CLANG_WARN_QUOTED_INCLUDE_IN_FRAMEWORK_HEADER = YES;
				CLANG_WARN_RANGE_LOOP_ANALYSIS = YES;
				CLANG_WARN_STRICT_PROTOTYPES = YES;
				CLANG_WARN_SUSPICIOUS_MOVE = YES;
				CLANG_WARN_UNGUARDED_AVAILABILITY = YES_AGGRESSIVE;
				CLANG_WARN_UNREACHABLE_CODE = YES;
				CLANG_WARN__DUPLICATE_METHOD_MATCH = YES;
				COPY_PHASE_STRIP = NO;
				DEBUG_INFORMATION_FORMAT = dwarf;
				ENABLE_STRICT_OBJC_MSGSEND = YES;
				ENABLE_TESTABILITY = YES;
				GCC_C_LANGUAGE_STANDARD = gnu11;
				GCC_DYNAMIC_NO_PIC = NO;
				GCC_NO_COMMON_BLOCKS = YES;
				GCC_OPTIMIZATION_LEVEL = 0;
				GCC_PREPROCESSOR_DEFINITIONS = (
					"DEBUG=1",
					"$(inherited)",
				);
				GCC_WARN_64_TO_32_BIT_CONVERSION = YES;
				GCC_WARN_ABOUT_RETURN_TYPE = YES_ERROR;
				GCC_WARN_UNDECLARED_SELECTOR = YES;
				GCC_WARN_UNINITIALIZED_AUTOS = YES_AGGRESSIVE;
				GCC_WARN_UNUSED_FUNCTION = YES;
				GCC_WARN_UNUSED_VARIABLE = YES;
				MTL_ENABLE_DEBUG_INFO = INCLUDE_SOURCE;
				MTL_FAST_MATH = YES;
				ONLY_ACTIVE_ARCH = YES;
				SWIFT_ACTIVE_COMPILATION_CONDITIONS = DEBUG;
				SWIFT_OPTIMIZATION_LEVEL = "-Onone";
			};
			name = Debug;
		};
		15461B4A29BE603200C1C0A1 /* Release */ = {
			isa = XCBuildConfiguration;
			buildSettings = {
				ALWAYS_SEARCH_USER_PATHS = NO;
				CLANG_ANALYZER_NONNULL = YES;
				CLANG_ANALYZER_NUMBER_OBJECT_CONVERSION = YES_AGGRESSIVE;
				CLANG_CXX_LANGUAGE_STANDARD = "gnu++20";
				CLANG_ENABLE_MODULES = YES;
				CLANG_ENABLE_OBJC_ARC = YES;
				CLANG_ENABLE_OBJC_WEAK = YES;
				CLANG_WARN_BLOCK_CAPTURE_AUTORELEASING = YES;
				CLANG_WARN_BOOL_CONVERSION = YES;
				CLANG_WARN_COMMA = YES;
				CLANG_WARN_CONSTANT_CONVERSION = YES;
				CLANG_WARN_DEPRECATED_OBJC_IMPLEMENTATIONS = YES;
				CLANG_WARN_DIRECT_OBJC_ISA_USAGE = YES_ERROR;
				CLANG_WARN_DOCUMENTATION_COMMENTS = YES;
				CLANG_WARN_EMPTY_BODY = YES;
				CLANG_WARN_ENUM_CONVERSION = YES;
				CLANG_WARN_INFINITE_RECURSION = YES;
				CLANG_WARN_INT_CONVERSION = YES;
				CLANG_WARN_NON_LITERAL_NULL_CONVERSION = YES;
				CLANG_WARN_OBJC_IMPLICIT_RETAIN_SELF = YES;
				CLANG_WARN_OBJC_LITERAL_CONVERSION = YES;
				CLANG_WARN_OBJC_ROOT_CLASS = YES_ERROR;
				CLANG_WARN_QUOTED_INCLUDE_IN_FRAMEWORK_HEADER = YES;
				CLANG_WARN_RANGE_LOOP_ANALYSIS = YES;
				CLANG_WARN_STRICT_PROTOTYPES = YES;
				CLANG_WARN_SUSPICIOUS_MOVE = YES;
				CLANG_WARN_UNGUARDED_AVAILABILITY = YES_AGGRESSIVE;
				CLANG_WARN_UNREACHABLE_CODE = YES;
				CLANG_WARN__DUPLICATE_METHOD_MATCH = YES;
				COPY_PHASE_STRIP = NO;
				DEBUG_INFORMATION_FORMAT = "dwarf-with-dsym";
				ENABLE_NS_ASSERTIONS = NO;
				ENABLE_STRICT_OBJC_MSGSEND = YES;
				GCC_C_LANGUAGE_STANDARD = gnu11;
				GCC_NO_COMMON_BLOCKS = YES;
				GCC_WARN_64_TO_32_BIT_CONVERSION = YES;
				GCC_WARN_ABOUT_RETURN_TYPE = YES_ERROR;
				GCC_WARN_UNDECLARED_SELECTOR = YES;
				GCC_WARN_UNINITIALIZED_AUTOS = YES_AGGRESSIVE;
				GCC_WARN_UNUSED_FUNCTION = YES;
				GCC_WARN_UNUSED_VARIABLE = YES;
				MTL_ENABLE_DEBUG_INFO = NO;
				MTL_FAST_MATH = YES;
				SWIFT_COMPILATION_MODE = wholemodule;
				SWIFT_OPTIMIZATION_LEVEL = "-O";
			};
			name = Release;
		};
		15461B4C29BE603200C1C0A1 /* Debug */ = {
			isa = XCBuildConfiguration;
			buildSettings = {
				ASSETCATALOG_COMPILER_APPICON_NAME = AppIcon;
				ASSETCATALOG_COMPILER_GLOBAL_ACCENT_COLOR_NAME = AccentColor;
				CODE_SIGN_ENTITLEMENTS = BirdsAppApi/BirdsAppApi.entitlements;
				CODE_SIGN_STYLE = Automatic;
				CURRENT_PROJECT_VERSION = 1;
				DEVELOPMENT_ASSET_PATHS = "\"BirdsAppApi/Preview Content\"";
				ENABLE_PREVIEWS = YES;
				GENERATE_INFOPLIST_FILE = YES;
				"INFOPLIST_KEY_UIApplicationSceneManifest_Generation[sdk=iphoneos*]" = YES;
				"INFOPLIST_KEY_UIApplicationSceneManifest_Generation[sdk=iphonesimulator*]" = YES;
				"INFOPLIST_KEY_UIApplicationSupportsIndirectInputEvents[sdk=iphoneos*]" = YES;
				"INFOPLIST_KEY_UIApplicationSupportsIndirectInputEvents[sdk=iphonesimulator*]" = YES;
				"INFOPLIST_KEY_UILaunchScreen_Generation[sdk=iphoneos*]" = YES;
				"INFOPLIST_KEY_UILaunchScreen_Generation[sdk=iphonesimulator*]" = YES;
				"INFOPLIST_KEY_UIStatusBarStyle[sdk=iphoneos*]" = UIStatusBarStyleDefault;
				"INFOPLIST_KEY_UIStatusBarStyle[sdk=iphonesimulator*]" = UIStatusBarStyleDefault;
				INFOPLIST_KEY_UISupportedInterfaceOrientations_iPad = "UIInterfaceOrientationPortrait UIInterfaceOrientationPortraitUpsideDown UIInterfaceOrientationLandscapeLeft UIInterfaceOrientationLandscapeRight";
				INFOPLIST_KEY_UISupportedInterfaceOrientations_iPhone = "UIInterfaceOrientationPortrait UIInterfaceOrientationLandscapeLeft UIInterfaceOrientationLandscapeRight";
				IPHONEOS_DEPLOYMENT_TARGET = 16.2;
				LD_RUNPATH_SEARCH_PATHS = "@executable_path/Frameworks";
				"LD_RUNPATH_SEARCH_PATHS[sdk=macosx*]" = "@executable_path/../Frameworks";
				MACOSX_DEPLOYMENT_TARGET = 13.1;
				MARKETING_VERSION = 1.0;
				PRODUCT_BUNDLE_IDENTIFIER = XCode.BirdsAppApi;
				PRODUCT_NAME = "$(TARGET_NAME)";
				SDKROOT = auto;
				SUPPORTED_PLATFORMS = "iphoneos iphonesimulator macosx";
				SWIFT_EMIT_LOC_STRINGS = YES;
				SWIFT_VERSION = 5.0;
				TARGETED_DEVICE_FAMILY = "1,2";
			};
			name = Debug;
		};
		15461B4D29BE603200C1C0A1 /* Release */ = {
			isa = XCBuildConfiguration;
			buildSettings = {
				ASSETCATALOG_COMPILER_APPICON_NAME = AppIcon;
				ASSETCATALOG_COMPILER_GLOBAL_ACCENT_COLOR_NAME = AccentColor;
				CODE_SIGN_ENTITLEMENTS = BirdsAppApi/BirdsAppApi.entitlements;
				CODE_SIGN_STYLE = Automatic;
				CURRENT_PROJECT_VERSION = 1;
				DEVELOPMENT_ASSET_PATHS = "\"BirdsAppApi/Preview Content\"";
				ENABLE_PREVIEWS = YES;
				GENERATE_INFOPLIST_FILE = YES;
				"INFOPLIST_KEY_UIApplicationSceneManifest_Generation[sdk=iphoneos*]" = YES;
				"INFOPLIST_KEY_UIApplicationSceneManifest_Generation[sdk=iphonesimulator*]" = YES;
				"INFOPLIST_KEY_UIApplicationSupportsIndirectInputEvents[sdk=iphoneos*]" = YES;
				"INFOPLIST_KEY_UIApplicationSupportsIndirectInputEvents[sdk=iphonesimulator*]" = YES;
				"INFOPLIST_KEY_UILaunchScreen_Generation[sdk=iphoneos*]" = YES;
				"INFOPLIST_KEY_UILaunchScreen_Generation[sdk=iphonesimulator*]" = YES;
				"INFOPLIST_KEY_UIStatusBarStyle[sdk=iphoneos*]" = UIStatusBarStyleDefault;
				"INFOPLIST_KEY_UIStatusBarStyle[sdk=iphonesimulator*]" = UIStatusBarStyleDefault;
				INFOPLIST_KEY_UISupportedInterfaceOrientations_iPad = "UIInterfaceOrientationPortrait UIInterfaceOrientationPortraitUpsideDown UIInterfaceOrientationLandscapeLeft UIInterfaceOrientationLandscapeRight";
				INFOPLIST_KEY_UISupportedInterfaceOrientations_iPhone = "UIInterfaceOrientationPortrait UIInterfaceOrientationLandscapeLeft UIInterfaceOrientationLandscapeRight";
				IPHONEOS_DEPLOYMENT_TARGET = 16.2;
				LD_RUNPATH_SEARCH_PATHS = "@executable_path/Frameworks";
				"LD_RUNPATH_SEARCH_PATHS[sdk=macosx*]" = "@executable_path/../Frameworks";
				MACOSX_DEPLOYMENT_TARGET = 13.1;
				MARKETING_VERSION = 1.0;
				PRODUCT_BUNDLE_IDENTIFIER = XCode.BirdsAppApi;
				PRODUCT_NAME = "$(TARGET_NAME)";
				SDKROOT = auto;
				SUPPORTED_PLATFORMS = "iphoneos iphonesimulator macosx";
				SWIFT_EMIT_LOC_STRINGS = YES;
				SWIFT_VERSION = 5.0;
				TARGETED_DEVICE_FAMILY = "1,2";
			};
			name = Release;
		};
		15461B4F29BE603200C1C0A1 /* Debug */ = {
			isa = XCBuildConfiguration;
			buildSettings = {
				ALWAYS_EMBED_SWIFT_STANDARD_LIBRARIES = YES;
				BUNDLE_LOADER = "$(TEST_HOST)";
				CODE_SIGN_STYLE = Automatic;
				CURRENT_PROJECT_VERSION = 1;
				GENERATE_INFOPLIST_FILE = YES;
				IPHONEOS_DEPLOYMENT_TARGET = 16.2;
				MACOSX_DEPLOYMENT_TARGET = 13.1;
				MARKETING_VERSION = 1.0;
				PRODUCT_BUNDLE_IDENTIFIER = XCode.BirdsAppApiTests;
				PRODUCT_NAME = "$(TARGET_NAME)";
				SDKROOT = auto;
				SUPPORTED_PLATFORMS = "iphoneos iphonesimulator macosx";
				SWIFT_EMIT_LOC_STRINGS = NO;
				SWIFT_VERSION = 5.0;
				TARGETED_DEVICE_FAMILY = "1,2";
				TEST_HOST = "$(BUILT_PRODUCTS_DIR)/BirdsAppApi.app/$(BUNDLE_EXECUTABLE_FOLDER_PATH)/BirdsAppApi";
			};
			name = Debug;
		};
		15461B5029BE603200C1C0A1 /* Release */ = {
			isa = XCBuildConfiguration;
			buildSettings = {
				ALWAYS_EMBED_SWIFT_STANDARD_LIBRARIES = YES;
				BUNDLE_LOADER = "$(TEST_HOST)";
				CODE_SIGN_STYLE = Automatic;
				CURRENT_PROJECT_VERSION = 1;
				GENERATE_INFOPLIST_FILE = YES;
				IPHONEOS_DEPLOYMENT_TARGET = 16.2;
				MACOSX_DEPLOYMENT_TARGET = 13.1;
				MARKETING_VERSION = 1.0;
				PRODUCT_BUNDLE_IDENTIFIER = XCode.BirdsAppApiTests;
				PRODUCT_NAME = "$(TARGET_NAME)";
				SDKROOT = auto;
				SUPPORTED_PLATFORMS = "iphoneos iphonesimulator macosx";
				SWIFT_EMIT_LOC_STRINGS = NO;
				SWIFT_VERSION = 5.0;
				TARGETED_DEVICE_FAMILY = "1,2";
				TEST_HOST = "$(BUILT_PRODUCTS_DIR)/BirdsAppApi.app/$(BUNDLE_EXECUTABLE_FOLDER_PATH)/BirdsAppApi";
			};
			name = Release;
		};
		15461B5229BE603200C1C0A1 /* Debug */ = {
			isa = XCBuildConfiguration;
			buildSettings = {
				ALWAYS_EMBED_SWIFT_STANDARD_LIBRARIES = YES;
				CODE_SIGN_STYLE = Automatic;
				CURRENT_PROJECT_VERSION = 1;
				GENERATE_INFOPLIST_FILE = YES;
				IPHONEOS_DEPLOYMENT_TARGET = 16.2;
				MACOSX_DEPLOYMENT_TARGET = 13.1;
				MARKETING_VERSION = 1.0;
				PRODUCT_BUNDLE_IDENTIFIER = XCode.BirdsAppApiUITests;
				PRODUCT_NAME = "$(TARGET_NAME)";
				SDKROOT = auto;
				SUPPORTED_PLATFORMS = "iphoneos iphonesimulator macosx";
				SWIFT_EMIT_LOC_STRINGS = NO;
				SWIFT_VERSION = 5.0;
				TARGETED_DEVICE_FAMILY = "1,2";
				TEST_TARGET_NAME = BirdsAppApi;
			};
			name = Debug;
		};
		15461B5329BE603200C1C0A1 /* Release */ = {
			isa = XCBuildConfiguration;
			buildSettings = {
				ALWAYS_EMBED_SWIFT_STANDARD_LIBRARIES = YES;
				CODE_SIGN_STYLE = Automatic;
				CURRENT_PROJECT_VERSION = 1;
				GENERATE_INFOPLIST_FILE = YES;
				IPHONEOS_DEPLOYMENT_TARGET = 16.2;
				MACOSX_DEPLOYMENT_TARGET = 13.1;
				MARKETING_VERSION = 1.0;
				PRODUCT_BUNDLE_IDENTIFIER = XCode.BirdsAppApiUITests;
				PRODUCT_NAME = "$(TARGET_NAME)";
				SDKROOT = auto;
				SUPPORTED_PLATFORMS = "iphoneos iphonesimulator macosx";
				SWIFT_EMIT_LOC_STRINGS = NO;
				SWIFT_VERSION = 5.0;
				TARGETED_DEVICE_FAMILY = "1,2";
				TEST_TARGET_NAME = BirdsAppApi;
			};
			name = Release;
		};
/* End XCBuildConfiguration section */

/* Begin XCConfigurationList section */
		15461B2129BE603000C1C0A1 /* Build configuration list for PBXProject "BirdsAppApi" */ = {
			isa = XCConfigurationList;
			buildConfigurations = (
				15461B4929BE603200C1C0A1 /* Debug */,
				15461B4A29BE603200C1C0A1 /* Release */,
			);
			defaultConfigurationIsVisible = 0;
			defaultConfigurationName = Release;
		};
		15461B4B29BE603200C1C0A1 /* Build configuration list for PBXNativeTarget "BirdsAppApi" */ = {
			isa = XCConfigurationList;
			buildConfigurations = (
				15461B4C29BE603200C1C0A1 /* Debug */,
				15461B4D29BE603200C1C0A1 /* Release */,
			);
			defaultConfigurationIsVisible = 0;
			defaultConfigurationName = Release;
		};
		15461B4E29BE603200C1C0A1 /* Build configuration list for PBXNativeTarget "BirdsAppApiTests" */ = {
			isa = XCConfigurationList;
			buildConfigurations = (
				15461B4F29BE603200C1C0A1 /* Debug */,
				15461B5029BE603200C1C0A1 /* Release */,
			);
			defaultConfigurationIsVisible = 0;
			defaultConfigurationName = Release;
		};
		15461B5129BE603200C1C0A1 /* Build configuration list for PBXNativeTarget "BirdsAppApiUITests" */ = {
			isa = XCConfigurationList;
			buildConfigurations = (
				15461B5229BE603200C1C0A1 /* Debug */,
				15461B5329BE603200C1C0A1 /* Release */,
			);
			defaultConfigurationIsVisible = 0;
			defaultConfigurationName = Release;
		};
/* End XCConfigurationList section */
	};
	rootObject = 15461B1E29BE603000C1C0A1 /* Project object */;
}
